
Microsoft Visual Studio Solution File, Format Version 12.00
# Visual Studio Version 17
VisualStudioVersion = 17.6.33829.357
MinimumVisualStudioVersion = 10.0.40219.1
Project("{FAE04EC0-301F-11D3-BF4B-00C04F79EFBC}") = "SEInformationBridge", "SEInformationBridge\SEInformationBridge.csproj", "{AC404193-4FDB-4EDE-ABA8-A3E386C34617}"
EndProject
Global
	GlobalSection(SolutionConfigurationPlatforms) = preSolution
		Debug|Any CPU = Debug|Any CPU
		Release|Any CPU = Release|Any CPU
	EndGlobalSection
	GlobalSection(ProjectConfigurationPlatforms) = postSolution
		{AC404193-4FDB-4EDE-ABA8-A3E386C34617}.Debug|Any CPU.ActiveCfg = Debug|Any CPU
		{AC404193-4FDB-4EDE-ABA8-A3E386C34617}.Debug|Any CPU.Build.0 = Debug|Any CPU
		{AC404193-4FDB-4EDE-ABA8-A3E386C34617}.Release|Any CPU.ActiveCfg = Release|Any CPU
		{AC404193-4FDB-4EDE-ABA8-A3E386C34617}.Release|Any CPU.Build.0 = Release|Any CPU
	EndGlobalSection
	GlobalSection(SolutionProperties) = preSolution
		HideSolutionNode = FALSE
	EndGlobalSection
	GlobalSection(ExtensibilityGlobals) = postSolution
		SolutionGuid = {D799EF7E-3AC8-4D8B-9C0E-021091E8983B}
	EndGlobalSection
EndGlobal
